%{"avrolixr": {:hex, :avrolixr, "0.3.0", "1a450c37ff227427f88179fab4cf031a194a0f0b46dac2854ab30cc34f23b4c9", [:mix], [{:poison, "~> 3.1", [hex: :poison, repo: "hexpm", optional: false]}], "hexpm", "d9bbbd84e7b1d520242bb87137294094f91db160dbcbf3863cfaec094d3ef8b5"},
  "cowboy": {:hex, :cowboy, "1.1.2", "61ac29ea970389a88eca5a65601460162d370a70018afe6f949a29dca91f3bb0", [:rebar3], [{:cowlib, "~> 1.0.2", [hex: :cowlib, repo: "hexpm", optional: false]}, {:ranch, "~> 1.3.2", [hex: :ranch, repo: "hexpm", optional: false]}], "hexpm", "f4763bbe08233eceed6f24bc4fcc8d71c17cfeafa6439157c57349aa1bb4f17c"},
  "cowlib": {:hex, :cowlib, "1.0.2", "9d769a1d062c9c3ac753096f868ca121e2730b9a377de23dec0f7e08b1df84ee", [:make], [], "hexpm", "db622da03aa039e6366ab953e31186cc8190d32905e33788a1acb22744e6abd2"},
  "distillery": {:hex, :distillery, "1.5.2", "eec18b2d37b55b0bcb670cf2bcf64228ed38ce8b046bb30a9b636a6f5a4c0080", [:mix], [], "hexpm", "cf01ab32ac53d131ce6efafa20b62ff859ff8ca474b5a4a8b45d835a1b76a851"},
  "erlavro": {:git, "https://github.com/avvo/erlavro.git", "e90ca780a10c3915de972e3e194b3d7e299694fd", []},
  "file_system": {:hex, :file_system, "0.2.4", "f0bdda195c0e46e987333e986452ec523aed21d784189144f647c43eaf307064", [:mix], [], "hexpm", "d3d5ee3a1d656cb1efa0d0446df2aeb230c55d0d5fa2ab2840082f7ace50d04a"},
  "fs": {:hex, :fs, "0.9.2", "ed17036c26c3f70ac49781ed9220a50c36775c6ca2cf8182d123b6566e49ec59", [:rebar], [], "hexpm"},
  "gettext": {:hex, :gettext, "0.15.0", "40a2b8ce33a80ced7727e36768499fc9286881c43ebafccae6bab731e2b2b8ce", [:mix], [], "hexpm", "d17ac3aa40835f7feb92913fcdf655edea59938fa8b25f5ce5d423e76a695c3b"},
  "junit_formatter": {:hex, :junit_formatter, "2.2.0", "da6093f0740c58a824f9585ebb7cb1b960efaecf48d1fa969e95d9c47c6b19dd", [:mix], [], "hexpm", "ea23078f6bfc36acd4cefbf01cae6680b2a65919d10647403da04a13c9929f01"},
  "kafka_ex": {:hex, :kafka_ex, "0.8.2", "cd8968c542b06d215e8ddaf20b0be1b8c1054d3c1dfc121355e677d1cac5eab1", [:mix], [], "hexpm", "483efa114e6b860e0784bd573113f8c18d72cc2f3b31f02c7dbcf9ef4b245d52"},
  "kafka_impl": {:hex, :kafka_impl, "0.5.0", "36f82307f861fc057957c929b785e8c069dfe6c0eba323d3064f5fad277fdf34", [:mix], [{:kafka_ex, "~> 0.6", [hex: :kafka_ex, repo: "hexpm", optional: false]}], "hexpm", "10dbbe1187ef439c9d0848e4af3f2b9c96d449fae398d1a1c7624c4803840a8e"},
  "logger_file_backend": {:hex, :logger_file_backend, "0.0.10", "876f9f84ae110781207c54321ffbb62bebe02946fe3c13f0d7c5f5d8ad4fa910", [:mix], [], "hexpm", "0cee4771fb3ab1def4fc4a01b7f5550ae36db0755035b0c426999702c30b6422"},
  "mime": {:hex, :mime, "1.2.0", "78adaa84832b3680de06f88f0997e3ead3b451a440d183d688085be2d709b534", [:mix], [], "hexpm", "b24d1d704209b760aeac161255c8031c5160de1a5cb7dd28bb84ef5bda2ba29e"},
  "mix_test_watch": {:hex, :mix_test_watch, "0.6.0", "5e206ed04860555a455de2983937efd3ce79f42bd8536fc6b900cc286f5bb830", [:mix], [{:file_system, "~> 0.2.1 or ~> 0.3", [hex: :file_system, repo: "hexpm", optional: false]}], "hexpm", "ea6f2a3766f18c2f53ca5b2d40b623ce2831c1646f36ff2b608607e20fc6c63c"},
  "mochijson3": {:git, "https://github.com/tophitpoker/mochijson3.git", "1a1c913ac80bb45d3de5fbd74d21e96c45e9e844", [branch: "master"]},
  "phoenix": {:hex, :phoenix, "1.3.2", "2a00d751f51670ea6bc3f2ba4e6eb27ecb8a2c71e7978d9cd3e5de5ccf7378bd", [:mix], [{:cowboy, "~> 1.0", [hex: :cowboy, repo: "hexpm", optional: true]}, {:phoenix_pubsub, "~> 1.0", [hex: :phoenix_pubsub, repo: "hexpm", optional: false]}, {:plug, "~> 1.3.3 or ~> 1.4", [hex: :plug, repo: "hexpm", optional: false]}, {:poison, "~> 2.2 or ~> 3.0", [hex: :poison, repo: "hexpm", optional: false]}], "hexpm", "fc436e0d105b4e32f234b99fb68f99f0e17a394f729d7c109b14efaf4578dbb6"},
  "phoenix_html": {:hex, :phoenix_html, "2.11.2", "86ebd768258ba60a27f5578bec83095bdb93485d646fc4111db8844c316602d6", [:mix], [{:plug, "~> 1.5", [hex: :plug, repo: "hexpm", optional: false]}], "hexpm", "2fe8543036a9cb2103efe26c18874512dc0e005afba60dbfe90aa56e27c198a2"},
  "phoenix_live_reload": {:hex, :phoenix_live_reload, "1.1.3", "1d178429fc8950b12457d09c6afec247bfe1fcb6f36209e18fbb0221bdfe4d41", [:mix], [{:file_system, "~> 0.2.1 or ~> 0.3", [hex: :file_system, repo: "hexpm", optional: false]}, {:phoenix, "~> 1.0 or ~> 1.2 or ~> 1.3", [hex: :phoenix, repo: "hexpm", optional: false]}], "hexpm", "505df5f9e7eed4124b0a3372e2ca55728f1ae700f1867240daa533b82ee12f67"},
  "phoenix_pubsub": {:hex, :phoenix_pubsub, "1.0.2", "bfa7fd52788b5eaa09cb51ff9fcad1d9edfeb68251add458523f839392f034c1", [:mix], [], "hexpm", "6f9193364c5de86b85e8d3a80294a134aecf6c5618adcbae668608749e00a7f7"},
  "phoenix_slime": {:hex, :phoenix_slime, "0.9.0", "1dbebe18757d57cfd2e62314c04c17d9acc7d31e2ca9387dd3fdeebe52fbd4bd", [:mix], [{:cowboy, "~> 1.0", [hex: :cowboy, repo: "hexpm", optional: false]}, {:phoenix, "~> 1.3-rc", [hex: :phoenix, repo: "hexpm", optional: false]}, {:phoenix_html, "~> 2.6", [hex: :phoenix_html, repo: "hexpm", optional: false]}, {:slime, "~> 0.16", [hex: :slime, repo: "hexpm", optional: false]}], "hexpm", "1028ba679568b6a3d4597865ca4456d0469802927efc73220a5396a42f218b1b"},
  "plug": {:hex, :plug, "1.5.0", "224b25b4039bedc1eac149fb52ed456770b9678bbf0349cdd810460e1e09195b", [:mix], [{:cowboy, "~> 1.0.1 or ~> 1.1 or ~> 2.1", [hex: :cowboy, repo: "hexpm", optional: true]}, {:mime, "~> 1.0", [hex: :mime, repo: "hexpm", optional: false]}], "hexpm", "cd9cd75c9c638c7e3ac9bfb0501d746fcfcf76cdb2d7b181ce93d4a02e52fcf2"},
  "poison": {:hex, :poison, "3.1.0", "d9eb636610e096f86f25d9a46f35a9facac35609a7591b3be3326e99a0484665", [:mix], [], "hexpm", "fec8660eb7733ee4117b85f55799fd3833eb769a6df71ccf8903e8dc5447cfce"},
  "poolboy": {:hex, :poolboy, "1.5.1", "6b46163901cfd0a1b43d692657ed9d7e599853b3b21b95ae5ae0a777cf9b6ca8", [:rebar], [], "hexpm", "8f7168911120e13419e086e78d20e4d1a6776f1eee2411ac9f790af10813389f"},
  "progress_bar": {:hex, :progress_bar, "1.6.1", "4a82aa4f2b04708dca7472febf5e73477f0e09c81fec98fc502c8d5e3d833172", [:mix], [], "hexpm", "5ab5df6a707b97bb30f141845c2c3a5347c9b77bde780d34edfe866a70734d9e"},
  "ranch": {:hex, :ranch, "1.3.2", "e4965a144dc9fbe70e5c077c65e73c57165416a901bd02ea899cfd95aa890986", [:rebar3], [], "hexpm", "6e56493a862433fccc3aca3025c946d6720d8eedf6e3e6fb911952a7071c357f"},
  "slime": {:hex, :slime, "0.16.0", "4f9c677ca37b2817cd10422ecb42c524fe904d3630acf242b81dfe189900272a", [:mix], [], "hexpm", "9a8c51853302df424aea6ce590e5f67ad8ba9581dd62ecb0c685bcf462c4cd79"}}
